// !$*UTF8*$!
{
	archiveVersion = 1;
	classes = {
	};
	objectVersion = 55;
	objects = {

/* Begin PBXBuildFile section */
		92356D5228C9844400EB5333 /* AppDelegate.swift in Sources */ = {isa = PBXBuildFile; fileRef = 92356D5128C9844400EB5333 /* AppDelegate.swift */; };
		92356D5428C9844400EB5333 /* SceneDelegate.swift in Sources */ = {isa = PBXBuildFile; fileRef = 92356D5328C9844400EB5333 /* SceneDelegate.swift */; };
		92356D5628C9844400EB5333 /* OnboardingViewController.swift in Sources */ = {isa = PBXBuildFile; fileRef = 92356D5528C9844400EB5333 /* OnboardingViewController.swift */; };
		92356D5928C9844400EB5333 /* Main.storyboard in Resources */ = {isa = PBXBuildFile; fileRef = 92356D5728C9844400EB5333 /* Main.storyboard */; };
		92356D5B28C9844500EB5333 /* Assets.xcassets in Resources */ = {isa = PBXBuildFile; fileRef = 92356D5A28C9844500EB5333 /* Assets.xcassets */; };
		92356D5E28C9844500EB5333 /* LaunchScreen.storyboard in Resources */ = {isa = PBXBuildFile; fileRef = 92356D5C28C9844500EB5333 /* LaunchScreen.storyboard */; };
		92356D7128C9859900EB5333 /* Constant.swift in Sources */ = {isa = PBXBuildFile; fileRef = 92356D7028C9859900EB5333 /* Constant.swift */; };
		92356D7328C985A700EB5333 /* UserDefaults.swift in Sources */ = {isa = PBXBuildFile; fileRef = 92356D7228C985A700EB5333 /* UserDefaults.swift */; };
		92356D7C28C98A6900EB5333 /* MainViewController.swift in Sources */ = {isa = PBXBuildFile; fileRef = 92356D7B28C98A6900EB5333 /* MainViewController.swift */; };
		92356DBA28C98EF400EB5333 /* NiCarNaeCar_Util.framework in Frameworks */ = {isa = PBXBuildFile; fileRef = 92356DB628C98EDA00EB5333 /* NiCarNaeCar_Util.framework */; };
		92356DBB28C98EF400EB5333 /* NiCarNaeCar_Util.framework in Embed Frameworks */ = {isa = PBXBuildFile; fileRef = 92356DB628C98EDA00EB5333 /* NiCarNaeCar_Util.framework */; settings = {ATTRIBUTES = (CodeSignOnCopy, RemoveHeadersOnCopy, ); }; };
		92356DF028C9937800EB5333 /* MainView.swift in Sources */ = {isa = PBXBuildFile; fileRef = 92356DEF28C9937800EB5333 /* MainView.swift */; };
		92356DFA28C994BF00EB5333 /* NiCarNaeCar_Resource.framework in Frameworks */ = {isa = PBXBuildFile; fileRef = 92356DF728C994BA00EB5333 /* NiCarNaeCar_Resource.framework */; };
		92356DFB28C994BF00EB5333 /* NiCarNaeCar_Resource.framework in Embed Frameworks */ = {isa = PBXBuildFile; fileRef = 92356DF728C994BA00EB5333 /* NiCarNaeCar_Resource.framework */; settings = {ATTRIBUTES = (CodeSignOnCopy, RemoveHeadersOnCopy, ); }; };
		92356E1528C9C4B100EB5333 /* MainSheetViewController.swift in Sources */ = {isa = PBXBuildFile; fileRef = 92356E1428C9C4B100EB5333 /* MainSheetViewController.swift */; };
		92356E1B28C9C71500EB5333 /* MainSheetView.swift in Sources */ = {isa = PBXBuildFile; fileRef = 92356E1A28C9C71500EB5333 /* MainSheetView.swift */; };
		92356E2028C9CED700EB5333 /* CarAnnotationView.swift in Sources */ = {isa = PBXBuildFile; fileRef = 92356E1F28C9CED700EB5333 /* CarAnnotationView.swift */; };
		9241C9F828D1E3C90084F4E1 /* SnapKit in Frameworks */ = {isa = PBXBuildFile; productRef = 9241C9F728D1E3C90084F4E1 /* SnapKit */; };
		9241C9FF28D1E3D30084F4E1 /* Then in Frameworks */ = {isa = PBXBuildFile; productRef = 9241C9FE28D1E3D30084F4E1 /* Then */; };
		9267150E28D07AF2002DCDB9 /* NDSGradientPathRenderer.swift in Sources */ = {isa = PBXBuildFile; fileRef = 9267150D28D07AF2002DCDB9 /* NDSGradientPathRenderer.swift */; };
		926DE44928CAD47D0083123F /* BackButton.swift in Sources */ = {isa = PBXBuildFile; fileRef = 926DE44828CAD47D0083123F /* BackButton.swift */; };
		926DE44B28CAD4850083123F /* CloseButton.swift in Sources */ = {isa = PBXBuildFile; fileRef = 926DE44A28CAD4850083123F /* CloseButton.swift */; };
		926DE44D28CAD48E0083123F /* NDSNavigationBar.swift in Sources */ = {isa = PBXBuildFile; fileRef = 926DE44C28CAD48E0083123F /* NDSNavigationBar.swift */; };
		926DE45228CAD9D60083123F /* DetailViewController.swift in Sources */ = {isa = PBXBuildFile; fileRef = 926DE45128CAD9D60083123F /* DetailViewController.swift */; };
		926DE45428CAD9DF0083123F /* DetailView.swift in Sources */ = {isa = PBXBuildFile; fileRef = 926DE45328CAD9DF0083123F /* DetailView.swift */; };
		926DE45928CADECF0083123F /* SettingViewController.swift in Sources */ = {isa = PBXBuildFile; fileRef = 926DE45828CADECF0083123F /* SettingViewController.swift */; };
		926DE45D28CAE2380083123F /* NDSButton.swift in Sources */ = {isa = PBXBuildFile; fileRef = 926DE45C28CAE2380083123F /* NDSButton.swift */; };
		926DE46028CAE36A0083123F /* OnboardingView.swift in Sources */ = {isa = PBXBuildFile; fileRef = 926DE45F28CAE36A0083123F /* OnboardingView.swift */; };
		926DE46228CAE77F0083123F /* NDSTextField.swift in Sources */ = {isa = PBXBuildFile; fileRef = 926DE46128CAE77F0083123F /* NDSTextField.swift */; };
		926DE46628CAE9210083123F /* OnboardingNameViewController.swift in Sources */ = {isa = PBXBuildFile; fileRef = 926DE46528CAE9210083123F /* OnboardingNameViewController.swift */; };
		926DE46828CAE93E0083123F /* OnboardingNameView.swift in Sources */ = {isa = PBXBuildFile; fileRef = 926DE46728CAE93E0083123F /* OnboardingNameView.swift */; };
		926DE47428CAF23C0083123F /* Pretendard-Regular.otf in Resources */ = {isa = PBXBuildFile; fileRef = 926DE47028CAF23C0083123F /* Pretendard-Regular.otf */; };
		926DE47528CAF23C0083123F /* Pretendard-Medium.otf in Resources */ = {isa = PBXBuildFile; fileRef = 926DE47128CAF23C0083123F /* Pretendard-Medium.otf */; };
		926DE47628CAF23C0083123F /* Pretendard-SemiBold.otf in Resources */ = {isa = PBXBuildFile; fileRef = 926DE47228CAF23C0083123F /* Pretendard-SemiBold.otf */; };
		926DE47728CAF23C0083123F /* Pretendard-Bold.otf in Resources */ = {isa = PBXBuildFile; fileRef = 926DE47328CAF23C0083123F /* Pretendard-Bold.otf */; };
		926DE47928CAF2C10083123F /* UIFont+Extension.swift in Sources */ = {isa = PBXBuildFile; fileRef = 926DE47828CAF2C10083123F /* UIFont+Extension.swift */; };
		926DE47E28CAF4360083123F /* NiCarNaeCarFont.swift in Sources */ = {isa = PBXBuildFile; fileRef = 926DE47D28CAF4360083123F /* NiCarNaeCarFont.swift */; };
		926DE48028CAF8020083123F /* .gitignore in Resources */ = {isa = PBXBuildFile; fileRef = 926DE47F28CAF8020083123F /* .gitignore */; };
		926DE48328CAF81D0083123F /* APIKey.swift in Sources */ = {isa = PBXBuildFile; fileRef = 926DE48228CAF81D0083123F /* APIKey.swift */; };
		926DE48728CAF8D20083123F /* SpotListAPIManager.swift in Sources */ = {isa = PBXBuildFile; fileRef = 926DE48628CAF8D20083123F /* SpotListAPIManager.swift */; };
		926DE48A28CAFB8A0083123F /* SpotList.swift in Sources */ = {isa = PBXBuildFile; fileRef = 926DE48928CAFB8A0083123F /* SpotList.swift */; };
		926DE48D28CAFC5E0083123F /* URLConstant.swift in Sources */ = {isa = PBXBuildFile; fileRef = 926DE48C28CAFC5E0083123F /* URLConstant.swift */; };
		926DE48F28CAFC9B0083123F /* EndPoint.swift in Sources */ = {isa = PBXBuildFile; fileRef = 926DE48E28CAFC9B0083123F /* EndPoint.swift */; };
		926DE49328CB223B0083123F /* CarList.swift in Sources */ = {isa = PBXBuildFile; fileRef = 926DE49228CB223B0083123F /* CarList.swift */; };
		927404A428CC98010074FBEB /* Pretendard-ExtraBold.otf in Resources */ = {isa = PBXBuildFile; fileRef = 9274049F28CC98010074FBEB /* Pretendard-ExtraBold.otf */; };
		927404A628CC99D10074FBEB /* UILabel+Extension.swift in Sources */ = {isa = PBXBuildFile; fileRef = 927404A528CC99D10074FBEB /* UILabel+Extension.swift */; };
		927404AA28CC9CD00074FBEB /* OnboardingTextCollectionViewCell.swift in Sources */ = {isa = PBXBuildFile; fileRef = 927404A928CC9CD00074FBEB /* OnboardingTextCollectionViewCell.swift */; };
		927404AC28CCA51D0074FBEB /* OnboardingImageCollectionViewCell.swift in Sources */ = {isa = PBXBuildFile; fileRef = 927404AB28CCA51D0074FBEB /* OnboardingImageCollectionViewCell.swift */; };
		927404AF28CCACAC0074FBEB /* OnboardingSheetViewController.swift in Sources */ = {isa = PBXBuildFile; fileRef = 927404AE28CCACAC0074FBEB /* OnboardingSheetViewController.swift */; };
		927404B128CCACF80074FBEB /* OnboardingSheetView.swift in Sources */ = {isa = PBXBuildFile; fileRef = 927404B028CCACF80074FBEB /* OnboardingSheetView.swift */; };
		9277205428CF1C8D00163925 /* DetailHeaderView.swift in Sources */ = {isa = PBXBuildFile; fileRef = 9277205328CF1C8D00163925 /* DetailHeaderView.swift */; };
		9277205A28CF21C100163925 /* DetailCollectionViewCell.swift in Sources */ = {isa = PBXBuildFile; fileRef = 9277205928CF21C100163925 /* DetailCollectionViewCell.swift */; };
		9277205F28CF46D200163925 /* CarType.swift in Sources */ = {isa = PBXBuildFile; fileRef = 9277205E28CF46D200163925 /* CarType.swift */; };
		9277206128CF4D7900163925 /* SpotAPIManager.swift in Sources */ = {isa = PBXBuildFile; fileRef = 9277206028CF4D7900163925 /* SpotAPIManager.swift */; };
		928D4C7028D3317F001A029F /* SettingViewModel.swift in Sources */ = {isa = PBXBuildFile; fileRef = 928D4C6F28D3317F001A029F /* SettingViewModel.swift */; };
		928D4C7228D331B2001A029F /* Observable.swift in Sources */ = {isa = PBXBuildFile; fileRef = 928D4C7128D331B2001A029F /* Observable.swift */; };
		928D4C7428D33261001A029F /* SettingList.swift in Sources */ = {isa = PBXBuildFile; fileRef = 928D4C7328D33261001A029F /* SettingList.swift */; };
		928D4C7628D34ECB001A029F /* SettingTableViewCell.swift in Sources */ = {isa = PBXBuildFile; fileRef = 928D4C7528D34ECB001A029F /* SettingTableViewCell.swift */; };
		928D4C8028D370EF001A029F /* SettingHeaderView.swift in Sources */ = {isa = PBXBuildFile; fileRef = 928D4C7F28D370EF001A029F /* SettingHeaderView.swift */; };
		928D4C8B28D387D7001A029F /* URLSession+Extension.swift in Sources */ = {isa = PBXBuildFile; fileRef = 928D4C8A28D387D7001A029F /* URLSession+Extension.swift */; };
		928D4C8D28D388E9001A029F /* APIError.swift in Sources */ = {isa = PBXBuildFile; fileRef = 928D4C8C28D388E9001A029F /* APIError.swift */; };
		929C3A9A28CCD8A1004592A9 /* MainSheetCollectionViewCell.swift in Sources */ = {isa = PBXBuildFile; fileRef = 929C3A9928CCD8A1004592A9 /* MainSheetCollectionViewCell.swift */; };
		929C3AA028CCD92D004592A9 /* BrandType.swift in Sources */ = {isa = PBXBuildFile; fileRef = 929C3A9F28CCD92D004592A9 /* BrandType.swift */; };
		929C3AA228CCE0C9004592A9 /* BrandInfo.swift in Sources */ = {isa = PBXBuildFile; fileRef = 929C3AA128CCE0C9004592A9 /* BrandInfo.swift */; };
/* End PBXBuildFile section */

/* Begin PBXContainerItemProxy section */
		92356DB528C98EDA00EB5333 /* PBXContainerItemProxy */ = {
			isa = PBXContainerItemProxy;
			containerPortal = 92356DB028C98EDA00EB5333 /* NiCarNaeCar-Util.xcodeproj */;
			proxyType = 2;
			remoteGlobalIDString = 92356D8728C98BF000EB5333;
			remoteInfo = "NiCarNaeCar-Util";
		};
		92356DB728C98EDA00EB5333 /* PBXContainerItemProxy */ = {
			isa = PBXContainerItemProxy;
			containerPortal = 92356DB028C98EDA00EB5333 /* NiCarNaeCar-Util.xcodeproj */;
			proxyType = 2;
			remoteGlobalIDString = 92356D9128C98BF000EB5333;
			remoteInfo = "NiCarNaeCar-UtilTests";
		};
		92356DF628C994BA00EB5333 /* PBXContainerItemProxy */ = {
			isa = PBXContainerItemProxy;
			containerPortal = 92356DF128C994BA00EB5333 /* NiCarNaeCar-Resource.xcodeproj */;
			proxyType = 2;
			remoteGlobalIDString = 92356DC728C9905C00EB5333;
			remoteInfo = "NiCarNaeCar-Resource";
		};
		92356DF828C994BA00EB5333 /* PBXContainerItemProxy */ = {
			isa = PBXContainerItemProxy;
			containerPortal = 92356DF128C994BA00EB5333 /* NiCarNaeCar-Resource.xcodeproj */;
			proxyType = 2;
			remoteGlobalIDString = 92356DD128C9905D00EB5333;
			remoteInfo = "NiCarNaeCar-ResourceTests";
		};
/* End PBXContainerItemProxy section */

/* Begin PBXCopyFilesBuildPhase section */
		92356DBC28C98EF400EB5333 /* Embed Frameworks */ = {
			isa = PBXCopyFilesBuildPhase;
			buildActionMask = 2147483647;
			dstPath = "";
			dstSubfolderSpec = 10;
			files = (
				92356DFB28C994BF00EB5333 /* NiCarNaeCar_Resource.framework in Embed Frameworks */,
				92356DBB28C98EF400EB5333 /* NiCarNaeCar_Util.framework in Embed Frameworks */,
			);
			name = "Embed Frameworks";
			runOnlyForDeploymentPostprocessing = 0;
		};
/* End PBXCopyFilesBuildPhase section */

/* Begin PBXFileReference section */
		92356D4E28C9844400EB5333 /* NiCarNaeCar.app */ = {isa = PBXFileReference; explicitFileType = wrapper.application; includeInIndex = 0; path = NiCarNaeCar.app; sourceTree = BUILT_PRODUCTS_DIR; };
		92356D5128C9844400EB5333 /* AppDelegate.swift */ = {isa = PBXFileReference; lastKnownFileType = sourcecode.swift; path = AppDelegate.swift; sourceTree = "<group>"; };
		92356D5328C9844400EB5333 /* SceneDelegate.swift */ = {isa = PBXFileReference; lastKnownFileType = sourcecode.swift; path = SceneDelegate.swift; sourceTree = "<group>"; };
		92356D5528C9844400EB5333 /* OnboardingViewController.swift */ = {isa = PBXFileReference; lastKnownFileType = sourcecode.swift; path = OnboardingViewController.swift; sourceTree = "<group>"; };
		92356D5828C9844400EB5333 /* Base */ = {isa = PBXFileReference; lastKnownFileType = file.storyboard; name = Base; path = Base.lproj/Main.storyboard; sourceTree = "<group>"; };
		92356D5A28C9844500EB5333 /* Assets.xcassets */ = {isa = PBXFileReference; lastKnownFileType = folder.assetcatalog; path = Assets.xcassets; sourceTree = "<group>"; };
		92356D5D28C9844500EB5333 /* Base */ = {isa = PBXFileReference; lastKnownFileType = file.storyboard; name = Base; path = Base.lproj/LaunchScreen.storyboard; sourceTree = "<group>"; };
		92356D5F28C9844500EB5333 /* Info.plist */ = {isa = PBXFileReference; lastKnownFileType = text.plist.xml; path = Info.plist; sourceTree = "<group>"; };
		92356D7028C9859900EB5333 /* Constant.swift */ = {isa = PBXFileReference; lastKnownFileType = sourcecode.swift; path = Constant.swift; sourceTree = "<group>"; };
		92356D7228C985A700EB5333 /* UserDefaults.swift */ = {isa = PBXFileReference; lastKnownFileType = sourcecode.swift; path = UserDefaults.swift; sourceTree = "<group>"; };
		92356D7B28C98A6900EB5333 /* MainViewController.swift */ = {isa = PBXFileReference; lastKnownFileType = sourcecode.swift; path = MainViewController.swift; sourceTree = "<group>"; };
		92356DB028C98EDA00EB5333 /* NiCarNaeCar-Util.xcodeproj */ = {isa = PBXFileReference; lastKnownFileType = "wrapper.pb-project"; name = "NiCarNaeCar-Util.xcodeproj"; path = "../../NiCarNaeCar-Util/NiCarNaeCar-Util.xcodeproj"; sourceTree = "<group>"; };
		92356DEF28C9937800EB5333 /* MainView.swift */ = {isa = PBXFileReference; lastKnownFileType = sourcecode.swift; path = MainView.swift; sourceTree = "<group>"; };
		92356DF128C994BA00EB5333 /* NiCarNaeCar-Resource.xcodeproj */ = {isa = PBXFileReference; lastKnownFileType = "wrapper.pb-project"; name = "NiCarNaeCar-Resource.xcodeproj"; path = "../../NiCarNaeCar-Resource/NiCarNaeCar-Resource.xcodeproj"; sourceTree = "<group>"; };
		92356E1428C9C4B100EB5333 /* MainSheetViewController.swift */ = {isa = PBXFileReference; lastKnownFileType = sourcecode.swift; path = MainSheetViewController.swift; sourceTree = "<group>"; };
		92356E1A28C9C71500EB5333 /* MainSheetView.swift */ = {isa = PBXFileReference; lastKnownFileType = sourcecode.swift; path = MainSheetView.swift; sourceTree = "<group>"; };
		92356E1F28C9CED700EB5333 /* CarAnnotationView.swift */ = {isa = PBXFileReference; lastKnownFileType = sourcecode.swift; path = CarAnnotationView.swift; sourceTree = "<group>"; };
		9267150D28D07AF2002DCDB9 /* NDSGradientPathRenderer.swift */ = {isa = PBXFileReference; lastKnownFileType = sourcecode.swift; path = NDSGradientPathRenderer.swift; sourceTree = "<group>"; };
		926DE44828CAD47D0083123F /* BackButton.swift */ = {isa = PBXFileReference; lastKnownFileType = sourcecode.swift; path = BackButton.swift; sourceTree = "<group>"; };
		926DE44A28CAD4850083123F /* CloseButton.swift */ = {isa = PBXFileReference; lastKnownFileType = sourcecode.swift; path = CloseButton.swift; sourceTree = "<group>"; };
		926DE44C28CAD48E0083123F /* NDSNavigationBar.swift */ = {isa = PBXFileReference; lastKnownFileType = sourcecode.swift; path = NDSNavigationBar.swift; sourceTree = "<group>"; };
		926DE45128CAD9D60083123F /* DetailViewController.swift */ = {isa = PBXFileReference; lastKnownFileType = sourcecode.swift; path = DetailViewController.swift; sourceTree = "<group>"; };
		926DE45328CAD9DF0083123F /* DetailView.swift */ = {isa = PBXFileReference; lastKnownFileType = sourcecode.swift; path = DetailView.swift; sourceTree = "<group>"; };
		926DE45828CADECF0083123F /* SettingViewController.swift */ = {isa = PBXFileReference; lastKnownFileType = sourcecode.swift; path = SettingViewController.swift; sourceTree = "<group>"; };
		926DE45C28CAE2380083123F /* NDSButton.swift */ = {isa = PBXFileReference; lastKnownFileType = sourcecode.swift; path = NDSButton.swift; sourceTree = "<group>"; };
		926DE45F28CAE36A0083123F /* OnboardingView.swift */ = {isa = PBXFileReference; lastKnownFileType = sourcecode.swift; path = OnboardingView.swift; sourceTree = "<group>"; };
		926DE46128CAE77F0083123F /* NDSTextField.swift */ = {isa = PBXFileReference; lastKnownFileType = sourcecode.swift; path = NDSTextField.swift; sourceTree = "<group>"; };
		926DE46528CAE9210083123F /* OnboardingNameViewController.swift */ = {isa = PBXFileReference; lastKnownFileType = sourcecode.swift; path = OnboardingNameViewController.swift; sourceTree = "<group>"; };
		926DE46728CAE93E0083123F /* OnboardingNameView.swift */ = {isa = PBXFileReference; lastKnownFileType = sourcecode.swift; path = OnboardingNameView.swift; sourceTree = "<group>"; };
		926DE47028CAF23C0083123F /* Pretendard-Regular.otf */ = {isa = PBXFileReference; lastKnownFileType = file; path = "Pretendard-Regular.otf"; sourceTree = "<group>"; };
		926DE47128CAF23C0083123F /* Pretendard-Medium.otf */ = {isa = PBXFileReference; lastKnownFileType = file; path = "Pretendard-Medium.otf"; sourceTree = "<group>"; };
		926DE47228CAF23C0083123F /* Pretendard-SemiBold.otf */ = {isa = PBXFileReference; lastKnownFileType = file; path = "Pretendard-SemiBold.otf"; sourceTree = "<group>"; };
		926DE47328CAF23C0083123F /* Pretendard-Bold.otf */ = {isa = PBXFileReference; lastKnownFileType = file; path = "Pretendard-Bold.otf"; sourceTree = "<group>"; };
		926DE47828CAF2C10083123F /* UIFont+Extension.swift */ = {isa = PBXFileReference; lastKnownFileType = sourcecode.swift; path = "UIFont+Extension.swift"; sourceTree = "<group>"; };
		926DE47D28CAF4360083123F /* NiCarNaeCarFont.swift */ = {isa = PBXFileReference; lastKnownFileType = sourcecode.swift; path = NiCarNaeCarFont.swift; sourceTree = "<group>"; };
		926DE47F28CAF8020083123F /* .gitignore */ = {isa = PBXFileReference; lastKnownFileType = text; path = .gitignore; sourceTree = "<group>"; };
		926DE48228CAF81D0083123F /* APIKey.swift */ = {isa = PBXFileReference; lastKnownFileType = sourcecode.swift; path = APIKey.swift; sourceTree = "<group>"; };
		926DE48628CAF8D20083123F /* SpotListAPIManager.swift */ = {isa = PBXFileReference; lastKnownFileType = sourcecode.swift; path = SpotListAPIManager.swift; sourceTree = "<group>"; };
		926DE48928CAFB8A0083123F /* SpotList.swift */ = {isa = PBXFileReference; lastKnownFileType = sourcecode.swift; path = SpotList.swift; sourceTree = "<group>"; };
		926DE48C28CAFC5E0083123F /* URLConstant.swift */ = {isa = PBXFileReference; lastKnownFileType = sourcecode.swift; path = URLConstant.swift; sourceTree = "<group>"; };
		926DE48E28CAFC9B0083123F /* EndPoint.swift */ = {isa = PBXFileReference; lastKnownFileType = sourcecode.swift; path = EndPoint.swift; sourceTree = "<group>"; };
		926DE49228CB223B0083123F /* CarList.swift */ = {isa = PBXFileReference; lastKnownFileType = sourcecode.swift; path = CarList.swift; sourceTree = "<group>"; };
		9274049F28CC98010074FBEB /* Pretendard-ExtraBold.otf */ = {isa = PBXFileReference; lastKnownFileType = file; path = "Pretendard-ExtraBold.otf"; sourceTree = "<group>"; };
		927404A528CC99D10074FBEB /* UILabel+Extension.swift */ = {isa = PBXFileReference; lastKnownFileType = sourcecode.swift; path = "UILabel+Extension.swift"; sourceTree = "<group>"; };
		927404A928CC9CD00074FBEB /* OnboardingTextCollectionViewCell.swift */ = {isa = PBXFileReference; lastKnownFileType = sourcecode.swift; path = OnboardingTextCollectionViewCell.swift; sourceTree = "<group>"; };
		927404AB28CCA51D0074FBEB /* OnboardingImageCollectionViewCell.swift */ = {isa = PBXFileReference; lastKnownFileType = sourcecode.swift; path = OnboardingImageCollectionViewCell.swift; sourceTree = "<group>"; };
		927404AE28CCACAC0074FBEB /* OnboardingSheetViewController.swift */ = {isa = PBXFileReference; lastKnownFileType = sourcecode.swift; path = OnboardingSheetViewController.swift; sourceTree = "<group>"; };
		927404B028CCACF80074FBEB /* OnboardingSheetView.swift */ = {isa = PBXFileReference; lastKnownFileType = sourcecode.swift; path = OnboardingSheetView.swift; sourceTree = "<group>"; };
		9277205328CF1C8D00163925 /* DetailHeaderView.swift */ = {isa = PBXFileReference; lastKnownFileType = sourcecode.swift; path = DetailHeaderView.swift; sourceTree = "<group>"; };
		9277205928CF21C100163925 /* DetailCollectionViewCell.swift */ = {isa = PBXFileReference; lastKnownFileType = sourcecode.swift; path = DetailCollectionViewCell.swift; sourceTree = "<group>"; };
		9277205E28CF46D200163925 /* CarType.swift */ = {isa = PBXFileReference; lastKnownFileType = sourcecode.swift; path = CarType.swift; sourceTree = "<group>"; };
		9277206028CF4D7900163925 /* SpotAPIManager.swift */ = {isa = PBXFileReference; lastKnownFileType = sourcecode.swift; path = SpotAPIManager.swift; sourceTree = "<group>"; };
		928D4C6F28D3317F001A029F /* SettingViewModel.swift */ = {isa = PBXFileReference; lastKnownFileType = sourcecode.swift; path = SettingViewModel.swift; sourceTree = "<group>"; };
		928D4C7128D331B2001A029F /* Observable.swift */ = {isa = PBXFileReference; lastKnownFileType = sourcecode.swift; path = Observable.swift; sourceTree = "<group>"; };
		928D4C7328D33261001A029F /* SettingList.swift */ = {isa = PBXFileReference; lastKnownFileType = sourcecode.swift; path = SettingList.swift; sourceTree = "<group>"; };
		928D4C7528D34ECB001A029F /* SettingTableViewCell.swift */ = {isa = PBXFileReference; lastKnownFileType = sourcecode.swift; path = SettingTableViewCell.swift; sourceTree = "<group>"; };
		928D4C7F28D370EF001A029F /* SettingHeaderView.swift */ = {isa = PBXFileReference; lastKnownFileType = sourcecode.swift; path = SettingHeaderView.swift; sourceTree = "<group>"; };
		928D4C8A28D387D7001A029F /* URLSession+Extension.swift */ = {isa = PBXFileReference; lastKnownFileType = sourcecode.swift; path = "URLSession+Extension.swift"; sourceTree = "<group>"; };
		928D4C8C28D388E9001A029F /* APIError.swift */ = {isa = PBXFileReference; lastKnownFileType = sourcecode.swift; path = APIError.swift; sourceTree = "<group>"; };
		929C3A9928CCD8A1004592A9 /* MainSheetCollectionViewCell.swift */ = {isa = PBXFileReference; lastKnownFileType = sourcecode.swift; path = MainSheetCollectionViewCell.swift; sourceTree = "<group>"; };
		929C3A9F28CCD92D004592A9 /* BrandType.swift */ = {isa = PBXFileReference; lastKnownFileType = sourcecode.swift; path = BrandType.swift; sourceTree = "<group>"; };
		929C3AA128CCE0C9004592A9 /* BrandInfo.swift */ = {isa = PBXFileReference; lastKnownFileType = sourcecode.swift; path = BrandInfo.swift; sourceTree = "<group>"; };
/* End PBXFileReference section */

/* Begin PBXFrameworksBuildPhase section */
		92356D4B28C9844400EB5333 /* Frameworks */ = {
			isa = PBXFrameworksBuildPhase;
			buildActionMask = 2147483647;
			files = (
				9241C9F828D1E3C90084F4E1 /* SnapKit in Frameworks */,
				92356DFA28C994BF00EB5333 /* NiCarNaeCar_Resource.framework in Frameworks */,
				92356DBA28C98EF400EB5333 /* NiCarNaeCar_Util.framework in Frameworks */,
				9241C9FF28D1E3D30084F4E1 /* Then in Frameworks */,
			);
			runOnlyForDeploymentPostprocessing = 0;
		};
/* End PBXFrameworksBuildPhase section */

/* Begin PBXGroup section */
		92356D4528C9844400EB5333 = {
			isa = PBXGroup;
			children = (
				926DE47F28CAF8020083123F /* .gitignore */,
				92356DF128C994BA00EB5333 /* NiCarNaeCar-Resource.xcodeproj */,
				92356DB028C98EDA00EB5333 /* NiCarNaeCar-Util.xcodeproj */,
				92356D5028C9844400EB5333 /* NiCarNaeCar */,
				92356D4F28C9844400EB5333 /* Products */,
				92356DB928C98EF400EB5333 /* Frameworks */,
			);
			sourceTree = "<group>";
		};
		92356D4F28C9844400EB5333 /* Products */ = {
			isa = PBXGroup;
			children = (
				92356D4E28C9844400EB5333 /* NiCarNaeCar.app */,
			);
			name = Products;
			sourceTree = "<group>";
		};
		92356D5028C9844400EB5333 /* NiCarNaeCar */ = {
			isa = PBXGroup;
			children = (
				92356D6828C9848800EB5333 /* Global */,
				92356D6728C9847F00EB5333 /* Network */,
				92356D6628C9847B00EB5333 /* Screen */,
				92356D6528C9847300EB5333 /* Resource */,
			);
			path = NiCarNaeCar;
			sourceTree = "<group>";
		};
		92356D6528C9847300EB5333 /* Resource */ = {
			isa = PBXGroup;
			children = (
				92356D6B28C984AA00EB5333 /* Asset */,
				92356D6A28C9849C00EB5333 /* Storyboard */,
				92356D6928C9849000EB5333 /* Support */,
			);
			path = Resource;
			sourceTree = "<group>";
		};
		92356D6628C9847B00EB5333 /* Screen */ = {
			isa = PBXGroup;
			children = (
				926DE45528CADEAE0083123F /* Setting */,
				926DE44E28CAD9490083123F /* Detail */,
				92356D6D28C984C800EB5333 /* Main */,
				92356D6C28C984B800EB5333 /* Onboarding */,
			);
			path = Screen;
			sourceTree = "<group>";
		};
		92356D6728C9847F00EB5333 /* Network */ = {
			isa = PBXGroup;
			children = (
				926DE48528CAF8C00083123F /* APIManager */,
				926DE48128CAF8150083123F /* Base */,
			);
			path = Network;
			sourceTree = "<group>";
		};
		92356D6828C9848800EB5333 /* Global */ = {
			isa = PBXGroup;
			children = (
				926DE43B28CAD3DC0083123F /* DesignSystem */,
				92356D6F28C9858D00EB5333 /* Constant */,
				928D4C7128D331B2001A029F /* Observable.swift */,
			);
			path = Global;
			sourceTree = "<group>";
		};
		92356D6928C9849000EB5333 /* Support */ = {
			isa = PBXGroup;
			children = (
				92356D5128C9844400EB5333 /* AppDelegate.swift */,
				92356D5328C9844400EB5333 /* SceneDelegate.swift */,
				92356D5F28C9844500EB5333 /* Info.plist */,
			);
			path = Support;
			sourceTree = "<group>";
		};
		92356D6A28C9849C00EB5333 /* Storyboard */ = {
			isa = PBXGroup;
			children = (
				92356D5728C9844400EB5333 /* Main.storyboard */,
				92356D5C28C9844500EB5333 /* LaunchScreen.storyboard */,
			);
			path = Storyboard;
			sourceTree = "<group>";
		};
		92356D6B28C984AA00EB5333 /* Asset */ = {
			isa = PBXGroup;
			children = (
				926DE46B28CAF2100083123F /* Font */,
				92356D5A28C9844500EB5333 /* Assets.xcassets */,
			);
			path = Asset;
			sourceTree = "<group>";
		};
		92356D6C28C984B800EB5333 /* Onboarding */ = {
			isa = PBXGroup;
			children = (
				926DE45E28CAE3460083123F /* View */,
				92356D6E28C984D300EB5333 /* Controller */,
			);
			path = Onboarding;
			sourceTree = "<group>";
		};
		92356D6D28C984C800EB5333 /* Main */ = {
			isa = PBXGroup;
			children = (
				92356E1E28C9CE8100EB5333 /* Model */,
				92356DEC28C9936E00EB5333 /* View */,
				92356D7A28C98A5C00EB5333 /* Controller */,
			);
			path = Main;
			sourceTree = "<group>";
		};
		92356D6E28C984D300EB5333 /* Controller */ = {
			isa = PBXGroup;
			children = (
				92356D5528C9844400EB5333 /* OnboardingViewController.swift */,
				926DE46528CAE9210083123F /* OnboardingNameViewController.swift */,
				927404AE28CCACAC0074FBEB /* OnboardingSheetViewController.swift */,
			);
			path = Controller;
			sourceTree = "<group>";
		};
		92356D6F28C9858D00EB5333 /* Constant */ = {
			isa = PBXGroup;
			children = (
				92356D7028C9859900EB5333 /* Constant.swift */,
				92356D7228C985A700EB5333 /* UserDefaults.swift */,
			);
			path = Constant;
			sourceTree = "<group>";
		};
		92356D7A28C98A5C00EB5333 /* Controller */ = {
			isa = PBXGroup;
			children = (
				92356D7B28C98A6900EB5333 /* MainViewController.swift */,
				92356E1428C9C4B100EB5333 /* MainSheetViewController.swift */,
			);
			path = Controller;
			sourceTree = "<group>";
		};
		92356DB128C98EDA00EB5333 /* Products */ = {
			isa = PBXGroup;
			children = (
				92356DB628C98EDA00EB5333 /* NiCarNaeCar_Util.framework */,
				92356DB828C98EDA00EB5333 /* NiCarNaeCar-UtilTests.xctest */,
			);
			name = Products;
			sourceTree = "<group>";
		};
		92356DB928C98EF400EB5333 /* Frameworks */ = {
			isa = PBXGroup;
			children = (
			);
			name = Frameworks;
			sourceTree = "<group>";
		};
		92356DEC28C9936E00EB5333 /* View */ = {
			isa = PBXGroup;
			children = (
				92356DEF28C9937800EB5333 /* MainView.swift */,
				92356E1A28C9C71500EB5333 /* MainSheetView.swift */,
				92356E1F28C9CED700EB5333 /* CarAnnotationView.swift */,
				929C3A9928CCD8A1004592A9 /* MainSheetCollectionViewCell.swift */,
			);
			path = View;
			sourceTree = "<group>";
		};
		92356DF228C994BA00EB5333 /* Products */ = {
			isa = PBXGroup;
			children = (
				92356DF728C994BA00EB5333 /* NiCarNaeCar_Resource.framework */,
				92356DF928C994BA00EB5333 /* NiCarNaeCar-ResourceTests.xctest */,
			);
			name = Products;
			sourceTree = "<group>";
		};
		92356E1E28C9CE8100EB5333 /* Model */ = {
			isa = PBXGroup;
			children = (
				926DE48928CAFB8A0083123F /* SpotList.swift */,
				926DE49228CB223B0083123F /* CarList.swift */,
				929C3A9F28CCD92D004592A9 /* BrandType.swift */,
				929C3AA128CCE0C9004592A9 /* BrandInfo.swift */,
				9277205E28CF46D200163925 /* CarType.swift */,
			);
			path = Model;
			sourceTree = "<group>";
		};
		926DE43B28CAD3DC0083123F /* DesignSystem */ = {
			isa = PBXGroup;
			children = (
				926DE47A28CAF4090083123F /* Font */,
				926DE44828CAD47D0083123F /* BackButton.swift */,
				926DE44A28CAD4850083123F /* CloseButton.swift */,
				926DE44C28CAD48E0083123F /* NDSNavigationBar.swift */,
				926DE45C28CAE2380083123F /* NDSButton.swift */,
				926DE46128CAE77F0083123F /* NDSTextField.swift */,
				9267150D28D07AF2002DCDB9 /* NDSGradientPathRenderer.swift */,
			);
			path = DesignSystem;
			sourceTree = "<group>";
		};
		926DE44E28CAD9490083123F /* Detail */ = {
			isa = PBXGroup;
			children = (
				926DE45028CAD9570083123F /* View */,
				926DE44F28CAD9520083123F /* Controller */,
			);
			path = Detail;
			sourceTree = "<group>";
		};
		926DE44F28CAD9520083123F /* Controller */ = {
			isa = PBXGroup;
			children = (
				926DE45128CAD9D60083123F /* DetailViewController.swift */,
			);
			path = Controller;
			sourceTree = "<group>";
		};
		926DE45028CAD9570083123F /* View */ = {
			isa = PBXGroup;
			children = (
				926DE45328CAD9DF0083123F /* DetailView.swift */,
				9277205328CF1C8D00163925 /* DetailHeaderView.swift */,
				9277205928CF21C100163925 /* DetailCollectionViewCell.swift */,
			);
			path = View;
			sourceTree = "<group>";
		};
		926DE45528CADEAE0083123F /* Setting */ = {
			isa = PBXGroup;
			children = (
				928D4C6E28D3309F001A029F /* Model */,
				926DE45728CADEC20083123F /* View */,
				926DE45628CADEBE0083123F /* ViewModel */,
			);
			path = Setting;
			sourceTree = "<group>";
		};
		926DE45628CADEBE0083123F /* ViewModel */ = {
			isa = PBXGroup;
			children = (
				928D4C6F28D3317F001A029F /* SettingViewModel.swift */,
			);
			path = ViewModel;
			sourceTree = "<group>";
		};
		926DE45728CADEC20083123F /* View */ = {
			isa = PBXGroup;
			children = (
				926DE45828CADECF0083123F /* SettingViewController.swift */,
				928D4C7528D34ECB001A029F /* SettingTableViewCell.swift */,
				928D4C7F28D370EF001A029F /* SettingHeaderView.swift */,
			);
			path = View;
			sourceTree = "<group>";
		};
		926DE45E28CAE3460083123F /* View */ = {
			isa = PBXGroup;
			children = (
				926DE45F28CAE36A0083123F /* OnboardingView.swift */,
				926DE46728CAE93E0083123F /* OnboardingNameView.swift */,
				927404A928CC9CD00074FBEB /* OnboardingTextCollectionViewCell.swift */,
				927404AB28CCA51D0074FBEB /* OnboardingImageCollectionViewCell.swift */,
				927404B028CCACF80074FBEB /* OnboardingSheetView.swift */,
			);
			path = View;
			sourceTree = "<group>";
		};
		926DE46B28CAF2100083123F /* Font */ = {
			isa = PBXGroup;
			children = (
				9274049F28CC98010074FBEB /* Pretendard-ExtraBold.otf */,
				926DE47328CAF23C0083123F /* Pretendard-Bold.otf */,
				926DE47128CAF23C0083123F /* Pretendard-Medium.otf */,
				926DE47028CAF23C0083123F /* Pretendard-Regular.otf */,
				926DE47228CAF23C0083123F /* Pretendard-SemiBold.otf */,
			);
			path = Font;
			sourceTree = "<group>";
		};
		926DE47A28CAF4090083123F /* Font */ = {
			isa = PBXGroup;
			children = (
				926DE47828CAF2C10083123F /* UIFont+Extension.swift */,
				926DE47D28CAF4360083123F /* NiCarNaeCarFont.swift */,
				927404A528CC99D10074FBEB /* UILabel+Extension.swift */,
			);
			path = Font;
			sourceTree = "<group>";
		};
		926DE48128CAF8150083123F /* Base */ = {
			isa = PBXGroup;
			children = (
				926DE48228CAF81D0083123F /* APIKey.swift */,
				926DE48C28CAFC5E0083123F /* URLConstant.swift */,
				926DE48E28CAFC9B0083123F /* EndPoint.swift */,
				928D4C8A28D387D7001A029F /* URLSession+Extension.swift */,
				928D4C8C28D388E9001A029F /* APIError.swift */,
			);
			path = Base;
			sourceTree = "<group>";
		};
		926DE48528CAF8C00083123F /* APIManager */ = {
			isa = PBXGroup;
			children = (
				926DE48628CAF8D20083123F /* SpotListAPIManager.swift */,
				9277206028CF4D7900163925 /* SpotAPIManager.swift */,
			);
			path = APIManager;
			sourceTree = "<group>";
		};
		928D4C6E28D3309F001A029F /* Model */ = {
			isa = PBXGroup;
			children = (
				928D4C7328D33261001A029F /* SettingList.swift */,
			);
			path = Model;
			sourceTree = "<group>";
		};
/* End PBXGroup section */

/* Begin PBXNativeTarget section */
		92356D4D28C9844400EB5333 /* NiCarNaeCar */ = {
			isa = PBXNativeTarget;
			buildConfigurationList = 92356D6228C9844500EB5333 /* Build configuration list for PBXNativeTarget "NiCarNaeCar" */;
			buildPhases = (
				92356D4A28C9844400EB5333 /* Sources */,
				92356D4B28C9844400EB5333 /* Frameworks */,
				92356D4C28C9844400EB5333 /* Resources */,
				92356DBC28C98EF400EB5333 /* Embed Frameworks */,
			);
			buildRules = (
			);
			dependencies = (
			);
			name = NiCarNaeCar;
			packageProductDependencies = (
				9241C9F728D1E3C90084F4E1 /* SnapKit */,
				9241C9FE28D1E3D30084F4E1 /* Then */,
			);
			productName = NiCarNaeCar;
			productReference = 92356D4E28C9844400EB5333 /* NiCarNaeCar.app */;
			productType = "com.apple.product-type.application";
		};
/* End PBXNativeTarget section */

/* Begin PBXProject section */
		92356D4628C9844400EB5333 /* Project object */ = {
			isa = PBXProject;
			attributes = {
				BuildIndependentTargetsInParallel = 1;
				LastSwiftUpdateCheck = 1340;
				LastUpgradeCheck = 1340;
				TargetAttributes = {
					92356D4D28C9844400EB5333 = {
						CreatedOnToolsVersion = 13.4.1;
					};
				};
			};
			buildConfigurationList = 92356D4928C9844400EB5333 /* Build configuration list for PBXProject "NiCarNaeCar" */;
			compatibilityVersion = "Xcode 13.0";
			developmentRegion = en;
			hasScannedForEncodings = 0;
			knownRegions = (
				en,
				Base,
			);
			mainGroup = 92356D4528C9844400EB5333;
			packageReferences = (
				9241C9F628D1E3C90084F4E1 /* XCRemoteSwiftPackageReference "SnapKit" */,
				9241C9FD28D1E3D30084F4E1 /* XCRemoteSwiftPackageReference "Then" */,
			);
			productRefGroup = 92356D4F28C9844400EB5333 /* Products */;
			projectDirPath = "";
			projectReferences = (
				{
					ProductGroup = 92356DF228C994BA00EB5333 /* Products */;
					ProjectRef = 92356DF128C994BA00EB5333 /* NiCarNaeCar-Resource.xcodeproj */;
				},
				{
					ProductGroup = 92356DB128C98EDA00EB5333 /* Products */;
					ProjectRef = 92356DB028C98EDA00EB5333 /* NiCarNaeCar-Util.xcodeproj */;
				},
			);
			projectRoot = "";
			targets = (
				92356D4D28C9844400EB5333 /* NiCarNaeCar */,
			);
		};
/* End PBXProject section */

/* Begin PBXReferenceProxy section */
		92356DB628C98EDA00EB5333 /* NiCarNaeCar_Util.framework */ = {
			isa = PBXReferenceProxy;
			fileType = wrapper.framework;
			path = NiCarNaeCar_Util.framework;
			remoteRef = 92356DB528C98EDA00EB5333 /* PBXContainerItemProxy */;
			sourceTree = BUILT_PRODUCTS_DIR;
		};
		92356DB828C98EDA00EB5333 /* NiCarNaeCar-UtilTests.xctest */ = {
			isa = PBXReferenceProxy;
			fileType = wrapper.cfbundle;
			path = "NiCarNaeCar-UtilTests.xctest";
			remoteRef = 92356DB728C98EDA00EB5333 /* PBXContainerItemProxy */;
			sourceTree = BUILT_PRODUCTS_DIR;
		};
		92356DF728C994BA00EB5333 /* NiCarNaeCar_Resource.framework */ = {
			isa = PBXReferenceProxy;
			fileType = wrapper.framework;
			path = NiCarNaeCar_Resource.framework;
			remoteRef = 92356DF628C994BA00EB5333 /* PBXContainerItemProxy */;
			sourceTree = BUILT_PRODUCTS_DIR;
		};
		92356DF928C994BA00EB5333 /* NiCarNaeCar-ResourceTests.xctest */ = {
			isa = PBXReferenceProxy;
			fileType = wrapper.cfbundle;
			path = "NiCarNaeCar-ResourceTests.xctest";
			remoteRef = 92356DF828C994BA00EB5333 /* PBXContainerItemProxy */;
			sourceTree = BUILT_PRODUCTS_DIR;
		};
/* End PBXReferenceProxy section */

/* Begin PBXResourcesBuildPhase section */
		92356D4C28C9844400EB5333 /* Resources */ = {
			isa = PBXResourcesBuildPhase;
			buildActionMask = 2147483647;
			files = (
				926DE48028CAF8020083123F /* .gitignore in Resources */,
				92356D5E28C9844500EB5333 /* LaunchScreen.storyboard in Resources */,
				927404A428CC98010074FBEB /* Pretendard-ExtraBold.otf in Resources */,
				926DE47528CAF23C0083123F /* Pretendard-Medium.otf in Resources */,
				926DE47728CAF23C0083123F /* Pretendard-Bold.otf in Resources */,
				926DE47428CAF23C0083123F /* Pretendard-Regular.otf in Resources */,
				926DE47628CAF23C0083123F /* Pretendard-SemiBold.otf in Resources */,
				92356D5B28C9844500EB5333 /* Assets.xcassets in Resources */,
				92356D5928C9844400EB5333 /* Main.storyboard in Resources */,
			);
			runOnlyForDeploymentPostprocessing = 0;
		};
/* End PBXResourcesBuildPhase section */

/* Begin PBXSourcesBuildPhase section */
		92356D4A28C9844400EB5333 /* Sources */ = {
			isa = PBXSourcesBuildPhase;
			buildActionMask = 2147483647;
			files = (
				928D4C7228D331B2001A029F /* Observable.swift in Sources */,
				928D4C7028D3317F001A029F /* SettingViewModel.swift in Sources */,
				92356D5628C9844400EB5333 /* OnboardingViewController.swift in Sources */,
				926DE48728CAF8D20083123F /* SpotListAPIManager.swift in Sources */,
				92356E1B28C9C71500EB5333 /* MainSheetView.swift in Sources */,
				927404AC28CCA51D0074FBEB /* OnboardingImageCollectionViewCell.swift in Sources */,
				92356DF028C9937800EB5333 /* MainView.swift in Sources */,
				927404AA28CC9CD00074FBEB /* OnboardingTextCollectionViewCell.swift in Sources */,
				926DE47E28CAF4360083123F /* NiCarNaeCarFont.swift in Sources */,
				926DE48A28CAFB8A0083123F /* SpotList.swift in Sources */,
				926DE45D28CAE2380083123F /* NDSButton.swift in Sources */,
				927404B128CCACF80074FBEB /* OnboardingSheetView.swift in Sources */,
				92356D7328C985A700EB5333 /* UserDefaults.swift in Sources */,
				926DE48328CAF81D0083123F /* APIKey.swift in Sources */,
				92356D5228C9844400EB5333 /* AppDelegate.swift in Sources */,
				926DE48F28CAFC9B0083123F /* EndPoint.swift in Sources */,
				926DE46228CAE77F0083123F /* NDSTextField.swift in Sources */,
				926DE45928CADECF0083123F /* SettingViewController.swift in Sources */,
				929C3A9A28CCD8A1004592A9 /* MainSheetCollectionViewCell.swift in Sources */,
				92356D7C28C98A6900EB5333 /* MainViewController.swift in Sources */,
				928D4C8B28D387D7001A029F /* URLSession+Extension.swift in Sources */,
				9277205A28CF21C100163925 /* DetailCollectionViewCell.swift in Sources */,
				926DE44B28CAD4850083123F /* CloseButton.swift in Sources */,
				926DE44D28CAD48E0083123F /* NDSNavigationBar.swift in Sources */,
				92356D5428C9844400EB5333 /* SceneDelegate.swift in Sources */,
				926DE45428CAD9DF0083123F /* DetailView.swift in Sources */,
				9277205428CF1C8D00163925 /* DetailHeaderView.swift in Sources */,
				926DE47928CAF2C10083123F /* UIFont+Extension.swift in Sources */,
				926DE46028CAE36A0083123F /* OnboardingView.swift in Sources */,
				928D4C7628D34ECB001A029F /* SettingTableViewCell.swift in Sources */,
				92356E1528C9C4B100EB5333 /* MainSheetViewController.swift in Sources */,
				926DE44928CAD47D0083123F /* BackButton.swift in Sources */,
				9277205F28CF46D200163925 /* CarType.swift in Sources */,
				927404A628CC99D10074FBEB /* UILabel+Extension.swift in Sources */,
				928D4C7428D33261001A029F /* SettingList.swift in Sources */,
				926DE48D28CAFC5E0083123F /* URLConstant.swift in Sources */,
				927404AF28CCACAC0074FBEB /* OnboardingSheetViewController.swift in Sources */,
				926DE49328CB223B0083123F /* CarList.swift in Sources */,
				9267150E28D07AF2002DCDB9 /* NDSGradientPathRenderer.swift in Sources */,
				929C3AA028CCD92D004592A9 /* BrandType.swift in Sources */,
				926DE46828CAE93E0083123F /* OnboardingNameView.swift in Sources */,
				929C3AA228CCE0C9004592A9 /* BrandInfo.swift in Sources */,
				926DE45228CAD9D60083123F /* DetailViewController.swift in Sources */,
				9277206128CF4D7900163925 /* SpotAPIManager.swift in Sources */,
				928D4C8028D370EF001A029F /* SettingHeaderView.swift in Sources */,
				92356D7128C9859900EB5333 /* Constant.swift in Sources */,
				926DE46628CAE9210083123F /* OnboardingNameViewController.swift in Sources */,
				92356E2028C9CED700EB5333 /* CarAnnotationView.swift in Sources */,
				928D4C8D28D388E9001A029F /* APIError.swift in Sources */,
			);
			runOnlyForDeploymentPostprocessing = 0;
		};
/* End PBXSourcesBuildPhase section */

/* Begin PBXVariantGroup section */
		92356D5728C9844400EB5333 /* Main.storyboard */ = {
			isa = PBXVariantGroup;
			children = (
				92356D5828C9844400EB5333 /* Base */,
			);
			name = Main.storyboard;
			sourceTree = "<group>";
		};
		92356D5C28C9844500EB5333 /* LaunchScreen.storyboard */ = {
			isa = PBXVariantGroup;
			children = (
				92356D5D28C9844500EB5333 /* Base */,
			);
			name = LaunchScreen.storyboard;
			sourceTree = "<group>";
		};
/* End PBXVariantGroup section */

/* Begin XCBuildConfiguration section */
		92356D6028C9844500EB5333 /* Debug */ = {
			isa = XCBuildConfiguration;
			buildSettings = {
				ALWAYS_SEARCH_USER_PATHS = NO;
				CLANG_ANALYZER_NONNULL = YES;
				CLANG_ANALYZER_NUMBER_OBJECT_CONVERSION = YES_AGGRESSIVE;
				CLANG_CXX_LANGUAGE_STANDARD = "gnu++17";
				CLANG_ENABLE_MODULES = YES;
				CLANG_ENABLE_OBJC_ARC = YES;
				CLANG_ENABLE_OBJC_WEAK = YES;
				CLANG_WARN_BLOCK_CAPTURE_AUTORELEASING = YES;
				CLANG_WARN_BOOL_CONVERSION = YES;
				CLANG_WARN_COMMA = YES;
				CLANG_WARN_CONSTANT_CONVERSION = YES;
				CLANG_WARN_DEPRECATED_OBJC_IMPLEMENTATIONS = YES;
				CLANG_WARN_DIRECT_OBJC_ISA_USAGE = YES_ERROR;
				CLANG_WARN_DOCUMENTATION_COMMENTS = YES;
				CLANG_WARN_EMPTY_BODY = YES;
				CLANG_WARN_ENUM_CONVERSION = YES;
				CLANG_WARN_INFINITE_RECURSION = YES;
				CLANG_WARN_INT_CONVERSION = YES;
				CLANG_WARN_NON_LITERAL_NULL_CONVERSION = YES;
				CLANG_WARN_OBJC_IMPLICIT_RETAIN_SELF = YES;
				CLANG_WARN_OBJC_LITERAL_CONVERSION = YES;
				CLANG_WARN_OBJC_ROOT_CLASS = YES_ERROR;
				CLANG_WARN_QUOTED_INCLUDE_IN_FRAMEWORK_HEADER = YES;
				CLANG_WARN_RANGE_LOOP_ANALYSIS = YES;
				CLANG_WARN_STRICT_PROTOTYPES = YES;
				CLANG_WARN_SUSPICIOUS_MOVE = YES;
				CLANG_WARN_UNGUARDED_AVAILABILITY = YES_AGGRESSIVE;
				CLANG_WARN_UNREACHABLE_CODE = YES;
				CLANG_WARN__DUPLICATE_METHOD_MATCH = YES;
				COPY_PHASE_STRIP = NO;
				DEBUG_INFORMATION_FORMAT = dwarf;
				ENABLE_STRICT_OBJC_MSGSEND = YES;
				ENABLE_TESTABILITY = YES;
				GCC_C_LANGUAGE_STANDARD = gnu11;
				GCC_DYNAMIC_NO_PIC = NO;
				GCC_NO_COMMON_BLOCKS = YES;
				GCC_OPTIMIZATION_LEVEL = 0;
				GCC_PREPROCESSOR_DEFINITIONS = (
					"DEBUG=1",
					"$(inherited)",
				);
				GCC_WARN_64_TO_32_BIT_CONVERSION = YES;
				GCC_WARN_ABOUT_RETURN_TYPE = YES_ERROR;
				GCC_WARN_UNDECLARED_SELECTOR = YES;
				GCC_WARN_UNINITIALIZED_AUTOS = YES_AGGRESSIVE;
				GCC_WARN_UNUSED_FUNCTION = YES;
				GCC_WARN_UNUSED_VARIABLE = YES;
				IPHONEOS_DEPLOYMENT_TARGET = 15.5;
				MTL_ENABLE_DEBUG_INFO = INCLUDE_SOURCE;
				MTL_FAST_MATH = YES;
				ONLY_ACTIVE_ARCH = YES;
				SDKROOT = iphoneos;
				SWIFT_ACTIVE_COMPILATION_CONDITIONS = DEBUG;
				SWIFT_OPTIMIZATION_LEVEL = "-Onone";
			};
			name = Debug;
		};
		92356D6128C9844500EB5333 /* Release */ = {
			isa = XCBuildConfiguration;
			buildSettings = {
				ALWAYS_SEARCH_USER_PATHS = NO;
				CLANG_ANALYZER_NONNULL = YES;
				CLANG_ANALYZER_NUMBER_OBJECT_CONVERSION = YES_AGGRESSIVE;
				CLANG_CXX_LANGUAGE_STANDARD = "gnu++17";
				CLANG_ENABLE_MODULES = YES;
				CLANG_ENABLE_OBJC_ARC = YES;
				CLANG_ENABLE_OBJC_WEAK = YES;
				CLANG_WARN_BLOCK_CAPTURE_AUTORELEASING = YES;
				CLANG_WARN_BOOL_CONVERSION = YES;
				CLANG_WARN_COMMA = YES;
				CLANG_WARN_CONSTANT_CONVERSION = YES;
				CLANG_WARN_DEPRECATED_OBJC_IMPLEMENTATIONS = YES;
				CLANG_WARN_DIRECT_OBJC_ISA_USAGE = YES_ERROR;
				CLANG_WARN_DOCUMENTATION_COMMENTS = YES;
				CLANG_WARN_EMPTY_BODY = YES;
				CLANG_WARN_ENUM_CONVERSION = YES;
				CLANG_WARN_INFINITE_RECURSION = YES;
				CLANG_WARN_INT_CONVERSION = YES;
				CLANG_WARN_NON_LITERAL_NULL_CONVERSION = YES;
				CLANG_WARN_OBJC_IMPLICIT_RETAIN_SELF = YES;
				CLANG_WARN_OBJC_LITERAL_CONVERSION = YES;
				CLANG_WARN_OBJC_ROOT_CLASS = YES_ERROR;
				CLANG_WARN_QUOTED_INCLUDE_IN_FRAMEWORK_HEADER = YES;
				CLANG_WARN_RANGE_LOOP_ANALYSIS = YES;
				CLANG_WARN_STRICT_PROTOTYPES = YES;
				CLANG_WARN_SUSPICIOUS_MOVE = YES;
				CLANG_WARN_UNGUARDED_AVAILABILITY = YES_AGGRESSIVE;
				CLANG_WARN_UNREACHABLE_CODE = YES;
				CLANG_WARN__DUPLICATE_METHOD_MATCH = YES;
				COPY_PHASE_STRIP = NO;
				DEBUG_INFORMATION_FORMAT = "dwarf-with-dsym";
				ENABLE_NS_ASSERTIONS = NO;
				ENABLE_STRICT_OBJC_MSGSEND = YES;
				GCC_C_LANGUAGE_STANDARD = gnu11;
				GCC_NO_COMMON_BLOCKS = YES;
				GCC_WARN_64_TO_32_BIT_CONVERSION = YES;
				GCC_WARN_ABOUT_RETURN_TYPE = YES_ERROR;
				GCC_WARN_UNDECLARED_SELECTOR = YES;
				GCC_WARN_UNINITIALIZED_AUTOS = YES_AGGRESSIVE;
				GCC_WARN_UNUSED_FUNCTION = YES;
				GCC_WARN_UNUSED_VARIABLE = YES;
				IPHONEOS_DEPLOYMENT_TARGET = 15.5;
				MTL_ENABLE_DEBUG_INFO = NO;
				MTL_FAST_MATH = YES;
				SDKROOT = iphoneos;
				SWIFT_COMPILATION_MODE = wholemodule;
				SWIFT_OPTIMIZATION_LEVEL = "-O";
				VALIDATE_PRODUCT = YES;
			};
			name = Release;
		};
		92356D6328C9844500EB5333 /* Debug */ = {
			isa = XCBuildConfiguration;
			buildSettings = {
				ASSETCATALOG_COMPILER_APPICON_NAME = AppIcon;
				ASSETCATALOG_COMPILER_GLOBAL_ACCENT_COLOR_NAME = AccentColor;
				CODE_SIGN_STYLE = Automatic;
				CURRENT_PROJECT_VERSION = 1;
				DEVELOPMENT_TEAM = PU64TS56AD;
				GENERATE_INFOPLIST_FILE = YES;
				INFOPLIST_FILE = NiCarNaeCar/Resource/Support/Info.plist;
				INFOPLIST_KEY_CFBundleDisplayName = "니카내카";
				INFOPLIST_KEY_UIApplicationSupportsIndirectInputEvents = YES;
				INFOPLIST_KEY_UILaunchStoryboardName = LaunchScreen;
				INFOPLIST_KEY_UIMainStoryboardFile = Main;
				INFOPLIST_KEY_UISupportedInterfaceOrientations_iPad = "UIInterfaceOrientationPortrait UIInterfaceOrientationPortraitUpsideDown UIInterfaceOrientationLandscapeLeft UIInterfaceOrientationLandscapeRight";
				INFOPLIST_KEY_UISupportedInterfaceOrientations_iPhone = "UIInterfaceOrientationPortrait UIInterfaceOrientationLandscapeLeft UIInterfaceOrientationLandscapeRight";
				INFOPLIST_KEY_UIUserInterfaceStyle = Light;
				LD_RUNPATH_SEARCH_PATHS = (
					"$(inherited)",
					"@executable_path/Frameworks",
				);
				MARKETING_VERSION = 1.0;
				PRODUCT_BUNDLE_IDENTIFIER = soyeon.NiCarNaeCar;
				PRODUCT_NAME = "$(TARGET_NAME)";
				SWIFT_EMIT_LOC_STRINGS = YES;
				SWIFT_VERSION = 5.0;
				TARGETED_DEVICE_FAMILY = "1,2";
			};
			name = Debug;
		};
		92356D6428C9844500EB5333 /* Release */ = {
			isa = XCBuildConfiguration;
			buildSettings = {
				ASSETCATALOG_COMPILER_APPICON_NAME = AppIcon;
				ASSETCATALOG_COMPILER_GLOBAL_ACCENT_COLOR_NAME = AccentColor;
				CODE_SIGN_STYLE = Automatic;
				CURRENT_PROJECT_VERSION = 1;
				DEVELOPMENT_TEAM = PU64TS56AD;
				GENERATE_INFOPLIST_FILE = YES;
				INFOPLIST_FILE = NiCarNaeCar/Resource/Support/Info.plist;
				INFOPLIST_KEY_CFBundleDisplayName = "니카내카";
				INFOPLIST_KEY_UIApplicationSupportsIndirectInputEvents = YES;
				INFOPLIST_KEY_UILaunchStoryboardName = LaunchScreen;
				INFOPLIST_KEY_UIMainStoryboardFile = Main;
				INFOPLIST_KEY_UISupportedInterfaceOrientations_iPad = "UIInterfaceOrientationPortrait UIInterfaceOrientationPortraitUpsideDown UIInterfaceOrientationLandscapeLeft UIInterfaceOrientationLandscapeRight";
				INFOPLIST_KEY_UISupportedInterfaceOrientations_iPhone = "UIInterfaceOrientationPortrait UIInterfaceOrientationLandscapeLeft UIInterfaceOrientationLandscapeRight";
				INFOPLIST_KEY_UIUserInterfaceStyle = Light;
				LD_RUNPATH_SEARCH_PATHS = (
					"$(inherited)",
					"@executable_path/Frameworks",
				);
				MARKETING_VERSION = 1.0;
				PRODUCT_BUNDLE_IDENTIFIER = soyeon.NiCarNaeCar;
				PRODUCT_NAME = "$(TARGET_NAME)";
				SWIFT_EMIT_LOC_STRINGS = YES;
				SWIFT_VERSION = 5.0;
				TARGETED_DEVICE_FAMILY = "1,2";
			};
			name = Release;
		};
/* End XCBuildConfiguration section */

/* Begin XCConfigurationList section */
		92356D4928C9844400EB5333 /* Build configuration list for PBXProject "NiCarNaeCar" */ = {
			isa = XCConfigurationList;
			buildConfigurations = (
				92356D6028C9844500EB5333 /* Debug */,
				92356D6128C9844500EB5333 /* Release */,
			);
			defaultConfigurationIsVisible = 0;
			defaultConfigurationName = Release;
		};
		92356D6228C9844500EB5333 /* Build configuration list for PBXNativeTarget "NiCarNaeCar" */ = {
			isa = XCConfigurationList;
			buildConfigurations = (
				92356D6328C9844500EB5333 /* Debug */,
				92356D6428C9844500EB5333 /* Release */,
			);
			defaultConfigurationIsVisible = 0;
			defaultConfigurationName = Release;
		};
/* End XCConfigurationList section */

/* Begin XCRemoteSwiftPackageReference section */
		9241C9F628D1E3C90084F4E1 /* XCRemoteSwiftPackageReference "SnapKit" */ = {
			isa = XCRemoteSwiftPackageReference;
			repositoryURL = "https://github.com/SnapKit/SnapKit.git";
			requirement = {
				branch = develop;
				kind = branch;
			};
		};
		9241C9FD28D1E3D30084F4E1 /* XCRemoteSwiftPackageReference "Then" */ = {
			isa = XCRemoteSwiftPackageReference;
			repositoryURL = "https://github.com/devxoul/Then.git";
			requirement = {
				branch = master;
				kind = branch;
			};
		};
/* End XCRemoteSwiftPackageReference section */

/* Begin XCSwiftPackageProductDependency section */
		9241C9F728D1E3C90084F4E1 /* SnapKit */ = {
			isa = XCSwiftPackageProductDependency;
			package = 9241C9F628D1E3C90084F4E1 /* XCRemoteSwiftPackageReference "SnapKit" */;
			productName = SnapKit;
		};
		9241C9FE28D1E3D30084F4E1 /* Then */ = {
			isa = XCSwiftPackageProductDependency;
			package = 9241C9FD28D1E3D30084F4E1 /* XCRemoteSwiftPackageReference "Then" */;
			productName = Then;
		};
/* End XCSwiftPackageProductDependency section */
	};
	rootObject = 92356D4628C9844400EB5333 /* Project object */;
}
